// !$*UTF8*$!
{
	archiveVersion = 1;
	classes = {
	};
	objectVersion = 77;
	objects = {

/* Begin PBXBuildFile section */
		197FC0BC05D2F64917DB44A5 /* IDCardSDK_Core in Frameworks */ = {isa = PBXBuildFile; productRef = 3683E8A594F8650EB6CFF9CA /* IDCardSDK_Core */; };
		42DCF778558B9DF3135FA45A /* ContentView.swift in Sources */ = {isa = PBXBuildFile; fileRef = D574F5DB1726E1C2BF59EB9A /* ContentView.swift */; };
		942E75CE4097802B74F56BC9 /* IDCardDemoApp.swift in Sources */ = {isa = PBXBuildFile; fileRef = 24917EAE5864D8B1C58F5CDB /* IDCardDemoApp.swift */; };
/* End PBXBuildFile section */

/* Begin PBXFileReference section */
		24917EAE5864D8B1C58F5CDB /* IDCardDemoApp.swift */ = {isa = PBXFileReference; lastKnownFileType = sourcecode.swift; path = IDCardDemoApp.swift; sourceTree = "<group>"; };
		545F31FDABCE1B3808F3C64C /* IDCardDemo.app */ = {isa = PBXFileReference; explicitFileType = wrapper.application; includeInIndex = 0; path = IDCardDemo.app; sourceTree = BUILT_PRODUCTS_DIR; };
		C1846C23B60C34A01BE4BF47 /* IDCardSDK_Core */ = {isa = PBXFileReference; lastKnownFileType = folder; name = IDCardSDK_Core; path = ../..; sourceTree = SOURCE_ROOT; };
		D574F5DB1726E1C2BF59EB9A /* ContentView.swift */ = {isa = PBXFileReference; lastKnownFileType = sourcecode.swift; path = ContentView.swift; sourceTree = "<group>"; };
/* End PBXFileReference section */

/* Begin PBXFrameworksBuildPhase section */
		537F50A0250D969304F710AF /* Frameworks */ = {
			isa = PBXFrameworksBuildPhase;
			buildActionMask = 2147483647;
			files = (
				197FC0BC05D2F64917DB44A5 /* IDCardSDK_Core in Frameworks */,
			);
			runOnlyForDeploymentPostprocessing = 0;
		};
/* End PBXFrameworksBuildPhase section */

/* Begin PBXGroup section */
		21F06B6861928D349F2BDC72 /* Sources */ = {
			isa = PBXGroup;
			children = (
				D574F5DB1726E1C2BF59EB9A /* ContentView.swift */,
				24917EAE5864D8B1C58F5CDB /* IDCardDemoApp.swift */,
			);
			path = Sources;
			sourceTree = "<group>";
		};
		9BA86AF9D8E171C1875E19E6 /* Products */ = {
			isa = PBXGroup;
			children = (
				545F31FDABCE1B3808F3C64C /* IDCardDemo.app */,
			);
			name = Products;
			sourceTree = "<group>";
		};
		C0906167F79E2E1003F3DF1D /* Packages */ = {
			isa = PBXGroup;
			children = (
				C1846C23B60C34A01BE4BF47 /* IDCardSDK_Core */,
			);
			name = Packages;
			sourceTree = "<group>";
		};
		C2E74541B7434A2381EEED7B = {
			isa = PBXGroup;
			children = (
				C0906167F79E2E1003F3DF1D /* Packages */,
				21F06B6861928D349F2BDC72 /* Sources */,
				9BA86AF9D8E171C1875E19E6 /* Products */,
			);
			sourceTree = "<group>";
		};
/* End PBXGroup section */

/* Begin PBXNativeTarget section */
		11ADFA783A1C31BC1E9870A7 /* IDCardDemo */ = {
			isa = PBXNativeTarget;
			buildConfigurationList = A5912BE4AE4838E6809F608B /* Build configuration list for PBXNativeTarget "IDCardDemo" */;
			buildPhases = (
				A55CC73E0A4DDF7264E854EF /* Sources */,
				537F50A0250D969304F710AF /* Frameworks */,
			);
			buildRules = (
			);
			dependencies = (
			);
			name = IDCardDemo;
			packageProductDependencies = (
				3683E8A594F8650EB6CFF9CA /* IDCardSDK_Core */,
			);
			productName = IDCardDemo;
			productReference = 545F31FDABCE1B3808F3C64C /* IDCardDemo.app */;
			productType = "com.apple.product-type.application";
		};
/* End PBXNativeTarget section */

/* Begin PBXProject section */
		BBAEBFE3616C936E611DB107 /* Project object */ = {
			isa = PBXProject;
			attributes = {
				BuildIndependentTargetsInParallel = YES;
				LastUpgradeCheck = 1430;
			};
			buildConfigurationList = 93397798ACAAF8DDBBB62399 /* Build configuration list for PBXProject "IDCardDemo" */;
			developmentRegion = en;
			hasScannedForEncodings = 0;
			knownRegions = (
				Base,
				en,
			);
			mainGroup = C2E74541B7434A2381EEED7B;
			minimizedProjectReferenceProxies = 1;
			packageReferences = (
				B18E019499FCBF08FC6F3A32 /* XCLocalSwiftPackageReference "../.." */,
			);
			preferredProjectObjectVersion = 77;
			productRefGroup = 9BA86AF9D8E171C1875E19E6 /* Products */;
			projectDirPath = "";
			projectRoot = "";
			targets = (
				11ADFA783A1C31BC1E9870A7 /* IDCardDemo */,
			);
		};
/* End PBXProject section */

/* Begin PBXSourcesBuildPhase section */
		A55CC73E0A4DDF7264E854EF /* Sources */ = {
			isa = PBXSourcesBuildPhase;
			buildActionMask = 2147483647;
			files = (
				42DCF778558B9DF3135FA45A /* ContentView.swift in Sources */,
				942E75CE4097802B74F56BC9 /* IDCardDemoApp.swift in Sources */,
			);
			runOnlyForDeploymentPostprocessing = 0;
		};
/* End PBXSourcesBuildPhase section */

/* Begin XCBuildConfiguration section */
		77B9E0919D3A8616C0609D31 /* Debug */ = {
			isa = XCBuildConfiguration;
			buildSettings = {
				ALWAYS_SEARCH_USER_PATHS = NO;
				CLANG_ANALYZER_NONNULL = YES;
				CLANG_ANALYZER_NUMBER_OBJECT_CONVERSION = YES_AGGRESSIVE;
				CLANG_CXX_LANGUAGE_STANDARD = "gnu++14";
				CLANG_CXX_LIBRARY = "libc++";
				CLANG_ENABLE_MODULES = YES;
				CLANG_ENABLE_OBJC_ARC = YES;
				CLANG_ENABLE_OBJC_WEAK = YES;
				CLANG_WARN_BLOCK_CAPTURE_AUTORELEASING = YES;
				CLANG_WARN_BOOL_CONVERSION = YES;
				CLANG_WARN_COMMA = YES;
				CLANG_WARN_CONSTANT_CONVERSION = YES;
				CLANG_WARN_DEPRECATED_OBJC_IMPLEMENTATIONS = YES;
				CLANG_WARN_DIRECT_OBJC_ISA_USAGE = YES_ERROR;
				CLANG_WARN_DOCUMENTATION_COMMENTS = YES;
				CLANG_WARN_EMPTY_BODY = YES;
				CLANG_WARN_ENUM_CONVERSION = YES;
				CLANG_WARN_INFINITE_RECURSION = YES;
				CLANG_WARN_INT_CONVERSION = YES;
				CLANG_WARN_NON_LITERAL_NULL_CONVERSION = YES;
				CLANG_WARN_OBJC_IMPLICIT_RETAIN_SELF = YES;
				CLANG_WARN_OBJC_LITERAL_CONVERSION = YES;
				CLANG_WARN_OBJC_ROOT_CLASS = YES_ERROR;
				CLANG_WARN_QUOTED_INCLUDE_IN_FRAMEWORK_HEADER = YES;
				CLANG_WARN_RANGE_LOOP_ANALYSIS = YES;
				CLANG_WARN_STRICT_PROTOTYPES = YES;
				CLANG_WARN_SUSPICIOUS_MOVE = YES;
				CLANG_WARN_UNGUARDED_AVAILABILITY = YES_AGGRESSIVE;
				CLANG_WARN_UNREACHABLE_CODE = YES;
				CLANG_WARN__DUPLICATE_METHOD_MATCH = YES;
				COPY_PHASE_STRIP = NO;
				DEBUG_INFORMATION_FORMAT = dwarf;
				ENABLE_STRICT_OBJC_MSGSEND = YES;
				ENABLE_TESTABILITY = YES;
				GCC_C_LANGUAGE_STANDARD = gnu11;
				GCC_DYNAMIC_NO_PIC = NO;
				GCC_NO_COMMON_BLOCKS = YES;
				GCC_OPTIMIZATION_LEVEL = 0;
				GCC_PREPROCESSOR_DEFINITIONS = (
					"$(inherited)",
					"DEBUG=1",
				);
				GCC_WARN_64_TO_32_BIT_CONVERSION = YES;
				GCC_WARN_ABOUT_RETURN_TYPE = YES_ERROR;
				GCC_WARN_UNDECLARED_SELECTOR = YES;
				GCC_WARN_UNINITIALIZED_AUTOS = YES_AGGRESSIVE;
				GCC_WARN_UNUSED_FUNCTION = YES;
				GCC_WARN_UNUSED_VARIABLE = YES;
				MTL_ENABLE_DEBUG_INFO = INCLUDE_SOURCE;
				MTL_FAST_MATH = YES;
				ONLY_ACTIVE_ARCH = YES;
				PRODUCT_NAME = "$(TARGET_NAME)";
				SDKROOT = iphoneos;
				SWIFT_ACTIVE_COMPILATION_CONDITIONS = DEBUG;
				SWIFT_OPTIMIZATION_LEVEL = "-Onone";
				SWIFT_VERSION = 5.0;
			};
			name = Debug;
		};
		8FD19308D0FDFD309917CF1C /* Release */ = {
			isa = XCBuildConfiguration;
			buildSettings = {
				ASSETCATALOG_COMPILER_APPICON_NAME = AppIcon;
				CODE_SIGN_IDENTITY = "iPhone Developer";
				DEVELOPMENT_TEAM = 76P8JP4LX3;
				GENERATE_INFOPLIST_FILE = YES;
				INFOPLIST_KEY_UILaunchScreen_Generation = YES;
				IPHONEOS_DEPLOYMENT_TARGET = 15.0;
				LD_RUNPATH_SEARCH_PATHS = (
					"$(inherited)",
					"@executable_path/Frameworks",
				);
				PRODUCT_BUNDLE_IDENTIFIER = com.example.IDCardSDKDemo;
				SDKROOT = iphoneos;
				SWIFT_VERSION = 5.9;
				TARGETED_DEVICE_FAMILY = "1,2";
			};
			name = Release;
		};
		CF5FC2CEFCBC873BB1318363 /* Release */ = {
			isa = XCBuildConfiguration;
			buildSettings = {
				ALWAYS_SEARCH_USER_PATHS = NO;
				CLANG_ANALYZER_NONNULL = YES;
				CLANG_ANALYZER_NUMBER_OBJECT_CONVERSION = YES_AGGRESSIVE;
				CLANG_CXX_LANGUAGE_STANDARD = "gnu++14";
				CLANG_CXX_LIBRARY = "libc++";
				CLANG_ENABLE_MODULES = YES;
				CLANG_ENABLE_OBJC_ARC = YES;
				CLANG_ENABLE_OBJC_WEAK = YES;
				CLANG_WARN_BLOCK_CAPTURE_AUTORELEASING = YES;
				CLANG_WARN_BOOL_CONVERSION = YES;
				CLANG_WARN_COMMA = YES;
				CLANG_WARN_CONSTANT_CONVERSION = YES;
				CLANG_WARN_DEPRECATED_OBJC_IMPLEMENTATIONS = YES;
				CLANG_WARN_DIRECT_OBJC_ISA_USAGE = YES_ERROR;
				CLANG_WARN_DOCUMENTATION_COMMENTS = YES;
				CLANG_WARN_EMPTY_BODY = YES;
				CLANG_WARN_ENUM_CONVERSION = YES;
				CLANG_WARN_INFINITE_RECURSION = YES;
				CLANG_WARN_INT_CONVERSION = YES;
				CLANG_WARN_NON_LITERAL_NULL_CONVERSION = YES;
				CLANG_WARN_OBJC_IMPLICIT_RETAIN_SELF = YES;
				CLANG_WARN_OBJC_LITERAL_CONVERSION = YES;
				CLANG_WARN_OBJC_ROOT_CLASS = YES_ERROR;
				CLANG_WARN_QUOTED_INCLUDE_IN_FRAMEWORK_HEADER = YES;
				CLANG_WARN_RANGE_LOOP_ANALYSIS = YES;
				CLANG_WARN_STRICT_PROTOTYPES = YES;
				CLANG_WARN_SUSPICIOUS_MOVE = YES;
				CLANG_WARN_UNGUARDED_AVAILABILITY = YES_AGGRESSIVE;
				CLANG_WARN_UNREACHABLE_CODE = YES;
				CLANG_WARN__DUPLICATE_METHOD_MATCH = YES;
				COPY_PHASE_STRIP = NO;
				DEBUG_INFORMATION_FORMAT = "dwarf-with-dsym";
				ENABLE_NS_ASSERTIONS = NO;
				ENABLE_STRICT_OBJC_MSGSEND = YES;
				GCC_C_LANGUAGE_STANDARD = gnu11;
				GCC_NO_COMMON_BLOCKS = YES;
				GCC_WARN_64_TO_32_BIT_CONVERSION = YES;
				GCC_WARN_ABOUT_RETURN_TYPE = YES_ERROR;
				GCC_WARN_UNDECLARED_SELECTOR = YES;
				GCC_WARN_UNINITIALIZED_AUTOS = YES_AGGRESSIVE;
				GCC_WARN_UNUSED_FUNCTION = YES;
				GCC_WARN_UNUSED_VARIABLE = YES;
				MTL_ENABLE_DEBUG_INFO = NO;
				MTL_FAST_MATH = YES;
				PRODUCT_NAME = "$(TARGET_NAME)";
				SDKROOT = iphoneos;
				SWIFT_COMPILATION_MODE = wholemodule;
				SWIFT_OPTIMIZATION_LEVEL = "-O";
				SWIFT_VERSION = 5.0;
			};
			name = Release;
		};
		D4E89BB0BCCCDEA6356F11D4 /* Debug */ = {
			isa = XCBuildConfiguration;
			buildSettings = {
				ASSETCATALOG_COMPILER_APPICON_NAME = AppIcon;
				CODE_SIGN_IDENTITY = "iPhone Developer";
				DEVELOPMENT_TEAM = 76P8JP4LX3;
				GENERATE_INFOPLIST_FILE = YES;
				INFOPLIST_KEY_UILaunchScreen_Generation = YES;
				IPHONEOS_DEPLOYMENT_TARGET = 15.0;
				LD_RUNPATH_SEARCH_PATHS = (
					"$(inherited)",
					"@executable_path/Frameworks",
				);
				PRODUCT_BUNDLE_IDENTIFIER = com.example.IDCardSDKDemo;
				SDKROOT = iphoneos;
				SWIFT_VERSION = 5.9;
				TARGETED_DEVICE_FAMILY = "1,2";
			};
			name = Debug;
		};
/* End XCBuildConfiguration section */

/* Begin XCConfigurationList section */
		93397798ACAAF8DDBBB62399 /* Build configuration list for PBXProject "IDCardDemo" */ = {
			isa = XCConfigurationList;
			buildConfigurations = (
				77B9E0919D3A8616C0609D31 /* Debug */,
				CF5FC2CEFCBC873BB1318363 /* Release */,
			);
			defaultConfigurationIsVisible = 0;
			defaultConfigurationName = Debug;
		};
		A5912BE4AE4838E6809F608B /* Build configuration list for PBXNativeTarget "IDCardDemo" */ = {
			isa = XCConfigurationList;
			buildConfigurations = (
				D4E89BB0BCCCDEA6356F11D4 /* Debug */,
				8FD19308D0FDFD309917CF1C /* Release */,
			);
			defaultConfigurationIsVisible = 0;
			defaultConfigurationName = Debug;
		};
/* End XCConfigurationList section */

/* Begin XCLocalSwiftPackageReference section */
		B18E019499FCBF08FC6F3A32 /* XCLocalSwiftPackageReference "../.." */ = {
			isa = XCLocalSwiftPackageReference;
			relativePath = ../..;
		};
/* End XCLocalSwiftPackageReference section */

/* Begin XCSwiftPackageProductDependency section */
		3683E8A594F8650EB6CFF9CA /* IDCardSDK_Core */ = {
			isa = XCSwiftPackageProductDependency;
			productName = IDCardSDK_Core;
		};
/* End XCSwiftPackageProductDependency section */
	};
	rootObject = BBAEBFE3616C936E611DB107 /* Project object */;
}
