// !$*UTF8*$!
{
	archiveVersion = 1;
	classes = {
	};
	objectVersion = 77;
	objects = {

/* Begin PBXBuildFile section */
		2FD2674AE04CB554B6C762B0 /* IDCardDemoApp.swift in Sources */ = {isa = PBXBuildFile; fileRef = 3994654419AD651B9DBF2B2B /* IDCardDemoApp.swift */; };
		CC3C724230F7FA0D2D1E955E /* Pods_IDCardDemoPods.framework in Frameworks */ = {isa = PBXBuildFile; fileRef = 5A458D39326F29E47FF237B5 /* Pods_IDCardDemoPods.framework */; };
		D21132506EC9DE3711D6F551 /* ContentView.swift in Sources */ = {isa = PBXBuildFile; fileRef = 3B0E84EBA48383ED81DC836A /* ContentView.swift */; };
/* End PBXBuildFile section */

/* Begin PBXFileReference section */
		17F8AE536F35F654DECD5263 /* IDCardDemoPods.app */ = {isa = PBXFileReference; includeInIndex = 0; lastKnownFileType = wrapper.application; path = IDCardDemoPods.app; sourceTree = BUILT_PRODUCTS_DIR; };
		3994654419AD651B9DBF2B2B /* IDCardDemoApp.swift */ = {isa = PBXFileReference; lastKnownFileType = sourcecode.swift; path = IDCardDemoApp.swift; sourceTree = "<group>"; };
		3B0E84EBA48383ED81DC836A /* ContentView.swift */ = {isa = PBXFileReference; lastKnownFileType = sourcecode.swift; path = ContentView.swift; sourceTree = "<group>"; };
		5A458D39326F29E47FF237B5 /* Pods_IDCardDemoPods.framework */ = {isa = PBXFileReference; explicitFileType = wrapper.framework; includeInIndex = 0; path = Pods_IDCardDemoPods.framework; sourceTree = BUILT_PRODUCTS_DIR; };
		87FC60932765C83E689EE4C8 /* Pods-IDCardDemoPods.debug.xcconfig */ = {isa = PBXFileReference; includeInIndex = 1; lastKnownFileType = text.xcconfig; name = "Pods-IDCardDemoPods.debug.xcconfig"; path = "Target Support Files/Pods-IDCardDemoPods/Pods-IDCardDemoPods.debug.xcconfig"; sourceTree = "<group>"; };
		A5064A96E3BF14C65C284DC4 /* Pods-IDCardDemoPods.release.xcconfig */ = {isa = PBXFileReference; includeInIndex = 1; lastKnownFileType = text.xcconfig; name = "Pods-IDCardDemoPods.release.xcconfig"; path = "Target Support Files/Pods-IDCardDemoPods/Pods-IDCardDemoPods.release.xcconfig"; sourceTree = "<group>"; };
/* End PBXFileReference section */

/* Begin PBXFrameworksBuildPhase section */
		4DB6B60CA0201E9A241627AA /* Frameworks */ = {
			isa = PBXFrameworksBuildPhase;
			buildActionMask = 2147483647;
			files = (
				CC3C724230F7FA0D2D1E955E /* Pods_IDCardDemoPods.framework in Frameworks */,
			);
			runOnlyForDeploymentPostprocessing = 0;
		};
/* End PBXFrameworksBuildPhase section */

/* Begin PBXGroup section */
		0E3EE882B8D06327C31BC34F /* Pods */ = {
			isa = PBXGroup;
			children = (
				87FC60932765C83E689EE4C8 /* Pods-IDCardDemoPods.debug.xcconfig */,
				A5064A96E3BF14C65C284DC4 /* Pods-IDCardDemoPods.release.xcconfig */,
			);
			name = Pods;
			path = Pods;
			sourceTree = "<group>";
		};
		1863F72D88D620F66741E024 = {
			isa = PBXGroup;
			children = (
				3ED0D57DFD72AE4875DBCE51 /* Sources */,
				B9512BE4E1A4825DC6F68487 /* Products */,
				0E3EE882B8D06327C31BC34F /* Pods */,
				5C8DB897950F6EDC8ABCC527 /* Frameworks */,
			);
			sourceTree = "<group>";
		};
		3ED0D57DFD72AE4875DBCE51 /* Sources */ = {
			isa = PBXGroup;
			children = (
				3B0E84EBA48383ED81DC836A /* ContentView.swift */,
				3994654419AD651B9DBF2B2B /* IDCardDemoApp.swift */,
			);
			name = Sources;
			path = ../IDCardDemo/Sources;
			sourceTree = "<group>";
		};
		5C8DB897950F6EDC8ABCC527 /* Frameworks */ = {
			isa = PBXGroup;
			children = (
				5A458D39326F29E47FF237B5 /* Pods_IDCardDemoPods.framework */,
			);
			name = Frameworks;
			sourceTree = "<group>";
		};
		B9512BE4E1A4825DC6F68487 /* Products */ = {
			isa = PBXGroup;
			children = (
				17F8AE536F35F654DECD5263 /* IDCardDemoPods.app */,
			);
			name = Products;
			sourceTree = "<group>";
		};
/* End PBXGroup section */

/* Begin PBXNativeTarget section */
		3BE248F1DC8FEF78F5966F83 /* IDCardDemoPods */ = {
			isa = PBXNativeTarget;
			buildConfigurationList = 9665678992984150DE5FF951 /* Build configuration list for PBXNativeTarget "IDCardDemoPods" */;
			buildPhases = (
				2B7F898967168FA2B4FEC4E4 /* [CP] Check Pods Manifest.lock */,
				50BD5898A52E0D38318E75B7 /* Sources */,
				4DB6B60CA0201E9A241627AA /* Frameworks */,
				68B1228BEB31E573BF02CFDC /* [CP] Embed Pods Frameworks */,
			);
			buildRules = (
			);
			dependencies = (
			);
			name = IDCardDemoPods;
			productName = IDCardDemoPods;
			productReference = 17F8AE536F35F654DECD5263 /* IDCardDemoPods.app */;
			productType = "com.apple.product-type.application";
		};
/* End PBXNativeTarget section */

/* Begin PBXProject section */
		16A79A765519C8B5588B0233 /* Project object */ = {
			isa = PBXProject;
			attributes = {
				BuildIndependentTargetsInParallel = YES;
				LastUpgradeCheck = 1430;
				TargetAttributes = {
				};
			};
			buildConfigurationList = CA171D2562E7004485A03260 /* Build configuration list for PBXProject "IDCardDemoPods" */;
			developmentRegion = en;
			hasScannedForEncodings = 0;
			knownRegions = (
				Base,
				en,
			);
			mainGroup = 1863F72D88D620F66741E024;
			minimizedProjectReferenceProxies = 1;
			preferredProjectObjectVersion = 77;
			productRefGroup = B9512BE4E1A4825DC6F68487 /* Products */;
			projectDirPath = "";
			projectRoot = "";
			targets = (
				3BE248F1DC8FEF78F5966F83 /* IDCardDemoPods */,
			);
		};
/* End PBXProject section */

/* Begin PBXShellScriptBuildPhase section */
		2B7F898967168FA2B4FEC4E4 /* [CP] Check Pods Manifest.lock */ = {
			isa = PBXShellScriptBuildPhase;
			buildActionMask = 2147483647;
			files = (
			);
			inputFileListPaths = (
			);
			inputPaths = (
				"${PODS_PODFILE_DIR_PATH}/Podfile.lock",
				"${PODS_ROOT}/Manifest.lock",
			);
			name = "[CP] Check Pods Manifest.lock";
			outputFileListPaths = (
			);
			outputPaths = (
				"$(DERIVED_FILE_DIR)/Pods-IDCardDemoPods-checkManifestLockResult.txt",
			);
			runOnlyForDeploymentPostprocessing = 0;
			shellPath = /bin/sh;
			shellScript = "diff \"${PODS_PODFILE_DIR_PATH}/Podfile.lock\" \"${PODS_ROOT}/Manifest.lock\" > /dev/null\nif [ $? != 0 ] ; then\n    # print error to STDERR\n    echo \"error: The sandbox is not in sync with the Podfile.lock. Run 'pod install' or update your CocoaPods installation.\" >&2\n    exit 1\nfi\n# This output is used by Xcode 'outputs' to avoid re-running this script phase.\necho \"SUCCESS\" > \"${SCRIPT_OUTPUT_FILE_0}\"\n";
			showEnvVarsInLog = 0;
		};
		68B1228BEB31E573BF02CFDC /* [CP] Embed Pods Frameworks */ = {
			isa = PBXShellScriptBuildPhase;
			buildActionMask = 2147483647;
			files = (
			);
			inputFileListPaths = (
				"${PODS_ROOT}/Target Support Files/Pods-IDCardDemoPods/Pods-IDCardDemoPods-frameworks-${CONFIGURATION}-input-files.xcfilelist",
			);
			name = "[CP] Embed Pods Frameworks";
			outputFileListPaths = (
				"${PODS_ROOT}/Target Support Files/Pods-IDCardDemoPods/Pods-IDCardDemoPods-frameworks-${CONFIGURATION}-output-files.xcfilelist",
			);
			runOnlyForDeploymentPostprocessing = 0;
			shellPath = /bin/sh;
			shellScript = "\"${PODS_ROOT}/Target Support Files/Pods-IDCardDemoPods/Pods-IDCardDemoPods-frameworks.sh\"\n";
			showEnvVarsInLog = 0;
		};
/* End PBXShellScriptBuildPhase section */

/* Begin PBXSourcesBuildPhase section */
		50BD5898A52E0D38318E75B7 /* Sources */ = {
			isa = PBXSourcesBuildPhase;
			buildActionMask = 2147483647;
			files = (
				D21132506EC9DE3711D6F551 /* ContentView.swift in Sources */,
				2FD2674AE04CB554B6C762B0 /* IDCardDemoApp.swift in Sources */,
			);
			runOnlyForDeploymentPostprocessing = 0;
		};
/* End PBXSourcesBuildPhase section */

/* Begin XCBuildConfiguration section */
		1B72C460CAE6DA546821635E /* Debug */ = {
			isa = XCBuildConfiguration;
			baseConfigurationReference = 87FC60932765C83E689EE4C8 /* Pods-IDCardDemoPods.debug.xcconfig */;
			buildSettings = {
				ASSETCATALOG_COMPILER_APPICON_NAME = AppIcon;
				CODE_SIGN_IDENTITY = "iPhone Developer";
				GENERATE_INFOPLIST_FILE = YES;
				INFOPLIST_KEY_UILaunchScreen_Generation = YES;
				IPHONEOS_DEPLOYMENT_TARGET = 15.0;
				LD_RUNPATH_SEARCH_PATHS = (
					"$(inherited)",
					"@executable_path/Frameworks",
				);
				PRODUCT_BUNDLE_IDENTIFIER = com.example.IDCardSDKDemoPods;
				SDKROOT = iphoneos;
				SWIFT_VERSION = 5.9;
				TARGETED_DEVICE_FAMILY = "1,2";
			};
			name = Debug;
		};
		383F658E738DD1036317D008 /* Release */ = {
			isa = XCBuildConfiguration;
			baseConfigurationReference = A5064A96E3BF14C65C284DC4 /* Pods-IDCardDemoPods.release.xcconfig */;
			buildSettings = {
				ASSETCATALOG_COMPILER_APPICON_NAME = AppIcon;
				CODE_SIGN_IDENTITY = "iPhone Developer";
				GENERATE_INFOPLIST_FILE = YES;
				INFOPLIST_KEY_UILaunchScreen_Generation = YES;
				IPHONEOS_DEPLOYMENT_TARGET = 15.0;
				LD_RUNPATH_SEARCH_PATHS = (
					"$(inherited)",
					"@executable_path/Frameworks",
				);
				PRODUCT_BUNDLE_IDENTIFIER = com.example.IDCardSDKDemoPods;
				SDKROOT = iphoneos;
				SWIFT_VERSION = 5.9;
				TARGETED_DEVICE_FAMILY = "1,2";
			};
			name = Release;
		};
		3F9708837E22A4A3CE5C39FB /* Debug */ = {
			isa = XCBuildConfiguration;
			buildSettings = {
				ALWAYS_SEARCH_USER_PATHS = NO;
				CLANG_ANALYZER_NONNULL = YES;
				CLANG_ANALYZER_NUMBER_OBJECT_CONVERSION = YES_AGGRESSIVE;
				CLANG_CXX_LANGUAGE_STANDARD = "gnu++14";
				CLANG_CXX_LIBRARY = "libc++";
				CLANG_ENABLE_MODULES = YES;
				CLANG_ENABLE_OBJC_ARC = YES;
				CLANG_ENABLE_OBJC_WEAK = YES;
				CLANG_WARN_BLOCK_CAPTURE_AUTORELEASING = YES;
				CLANG_WARN_BOOL_CONVERSION = YES;
				CLANG_WARN_COMMA = YES;
				CLANG_WARN_CONSTANT_CONVERSION = YES;
				CLANG_WARN_DEPRECATED_OBJC_IMPLEMENTATIONS = YES;
				CLANG_WARN_DIRECT_OBJC_ISA_USAGE = YES_ERROR;
				CLANG_WARN_DOCUMENTATION_COMMENTS = YES;
				CLANG_WARN_EMPTY_BODY = YES;
				CLANG_WARN_ENUM_CONVERSION = YES;
				CLANG_WARN_INFINITE_RECURSION = YES;
				CLANG_WARN_INT_CONVERSION = YES;
				CLANG_WARN_NON_LITERAL_NULL_CONVERSION = YES;
				CLANG_WARN_OBJC_IMPLICIT_RETAIN_SELF = YES;
				CLANG_WARN_OBJC_LITERAL_CONVERSION = YES;
				CLANG_WARN_OBJC_ROOT_CLASS = YES_ERROR;
				CLANG_WARN_QUOTED_INCLUDE_IN_FRAMEWORK_HEADER = YES;
				CLANG_WARN_RANGE_LOOP_ANALYSIS = YES;
				CLANG_WARN_STRICT_PROTOTYPES = YES;
				CLANG_WARN_SUSPICIOUS_MOVE = YES;
				CLANG_WARN_UNGUARDED_AVAILABILITY = YES_AGGRESSIVE;
				CLANG_WARN_UNREACHABLE_CODE = YES;
				CLANG_WARN__DUPLICATE_METHOD_MATCH = YES;
				COPY_PHASE_STRIP = NO;
				DEBUG_INFORMATION_FORMAT = dwarf;
				ENABLE_STRICT_OBJC_MSGSEND = YES;
				ENABLE_TESTABILITY = YES;
				GCC_C_LANGUAGE_STANDARD = gnu11;
				GCC_DYNAMIC_NO_PIC = NO;
				GCC_NO_COMMON_BLOCKS = YES;
				GCC_OPTIMIZATION_LEVEL = 0;
				GCC_PREPROCESSOR_DEFINITIONS = (
					"$(inherited)",
					"DEBUG=1",
				);
				GCC_WARN_64_TO_32_BIT_CONVERSION = YES;
				GCC_WARN_ABOUT_RETURN_TYPE = YES_ERROR;
				GCC_WARN_UNDECLARED_SELECTOR = YES;
				GCC_WARN_UNINITIALIZED_AUTOS = YES_AGGRESSIVE;
				GCC_WARN_UNUSED_FUNCTION = YES;
				GCC_WARN_UNUSED_VARIABLE = YES;
				MTL_ENABLE_DEBUG_INFO = INCLUDE_SOURCE;
				MTL_FAST_MATH = YES;
				ONLY_ACTIVE_ARCH = YES;
				PRODUCT_NAME = "$(TARGET_NAME)";
				SDKROOT = iphoneos;
				SWIFT_ACTIVE_COMPILATION_CONDITIONS = DEBUG;
				SWIFT_OPTIMIZATION_LEVEL = "-Onone";
				SWIFT_VERSION = 5.0;
			};
			name = Debug;
		};
		58599935BD46B3D8C633946E /* Release */ = {
			isa = XCBuildConfiguration;
			buildSettings = {
				ALWAYS_SEARCH_USER_PATHS = NO;
				CLANG_ANALYZER_NONNULL = YES;
				CLANG_ANALYZER_NUMBER_OBJECT_CONVERSION = YES_AGGRESSIVE;
				CLANG_CXX_LANGUAGE_STANDARD = "gnu++14";
				CLANG_CXX_LIBRARY = "libc++";
				CLANG_ENABLE_MODULES = YES;
				CLANG_ENABLE_OBJC_ARC = YES;
				CLANG_ENABLE_OBJC_WEAK = YES;
				CLANG_WARN_BLOCK_CAPTURE_AUTORELEASING = YES;
				CLANG_WARN_BOOL_CONVERSION = YES;
				CLANG_WARN_COMMA = YES;
				CLANG_WARN_CONSTANT_CONVERSION = YES;
				CLANG_WARN_DEPRECATED_OBJC_IMPLEMENTATIONS = YES;
				CLANG_WARN_DIRECT_OBJC_ISA_USAGE = YES_ERROR;
				CLANG_WARN_DOCUMENTATION_COMMENTS = YES;
				CLANG_WARN_EMPTY_BODY = YES;
				CLANG_WARN_ENUM_CONVERSION = YES;
				CLANG_WARN_INFINITE_RECURSION = YES;
				CLANG_WARN_INT_CONVERSION = YES;
				CLANG_WARN_NON_LITERAL_NULL_CONVERSION = YES;
				CLANG_WARN_OBJC_IMPLICIT_RETAIN_SELF = YES;
				CLANG_WARN_OBJC_LITERAL_CONVERSION = YES;
				CLANG_WARN_OBJC_ROOT_CLASS = YES_ERROR;
				CLANG_WARN_QUOTED_INCLUDE_IN_FRAMEWORK_HEADER = YES;
				CLANG_WARN_RANGE_LOOP_ANALYSIS = YES;
				CLANG_WARN_STRICT_PROTOTYPES = YES;
				CLANG_WARN_SUSPICIOUS_MOVE = YES;
				CLANG_WARN_UNGUARDED_AVAILABILITY = YES_AGGRESSIVE;
				CLANG_WARN_UNREACHABLE_CODE = YES;
				CLANG_WARN__DUPLICATE_METHOD_MATCH = YES;
				COPY_PHASE_STRIP = NO;
				DEBUG_INFORMATION_FORMAT = "dwarf-with-dsym";
				ENABLE_NS_ASSERTIONS = NO;
				ENABLE_STRICT_OBJC_MSGSEND = YES;
				GCC_C_LANGUAGE_STANDARD = gnu11;
				GCC_NO_COMMON_BLOCKS = YES;
				GCC_WARN_64_TO_32_BIT_CONVERSION = YES;
				GCC_WARN_ABOUT_RETURN_TYPE = YES_ERROR;
				GCC_WARN_UNDECLARED_SELECTOR = YES;
				GCC_WARN_UNINITIALIZED_AUTOS = YES_AGGRESSIVE;
				GCC_WARN_UNUSED_FUNCTION = YES;
				GCC_WARN_UNUSED_VARIABLE = YES;
				MTL_ENABLE_DEBUG_INFO = NO;
				MTL_FAST_MATH = YES;
				PRODUCT_NAME = "$(TARGET_NAME)";
				SDKROOT = iphoneos;
				SWIFT_COMPILATION_MODE = wholemodule;
				SWIFT_OPTIMIZATION_LEVEL = "-O";
				SWIFT_VERSION = 5.0;
			};
			name = Release;
		};
/* End XCBuildConfiguration section */

/* Begin XCConfigurationList section */
		9665678992984150DE5FF951 /* Build configuration list for PBXNativeTarget "IDCardDemoPods" */ = {
			isa = XCConfigurationList;
			buildConfigurations = (
				1B72C460CAE6DA546821635E /* Debug */,
				383F658E738DD1036317D008 /* Release */,
			);
			defaultConfigurationIsVisible = 0;
			defaultConfigurationName = Debug;
		};
		CA171D2562E7004485A03260 /* Build configuration list for PBXProject "IDCardDemoPods" */ = {
			isa = XCConfigurationList;
			buildConfigurations = (
				3F9708837E22A4A3CE5C39FB /* Debug */,
				58599935BD46B3D8C633946E /* Release */,
			);
			defaultConfigurationIsVisible = 0;
			defaultConfigurationName = Debug;
		};
/* End XCConfigurationList section */
	};
	rootObject = 16A79A765519C8B5588B0233 /* Project object */;
}
